
Microsoft Visual Studio Solution File, Format Version 12.00
# Visual Studio Version 17
VisualStudioVersion = 17.7.34221.43
MinimumVisualStudioVersion = 10.0.40219.1
Project("{FAE04EC0-301F-11D3-BF4B-00C04F79EFBC}") = "İf-else", "İf-else\İf-else.csproj", "{296EF475-125A-4C7C-A96C-872EADC6E0ED}"
EndProject
Global
	GlobalSection(SolutionConfigurationPlatforms) = preSolution
		Debug|Any CPU = Debug|Any CPU
		Release|Any CPU = Release|Any CPU
	EndGlobalSection
	GlobalSection(ProjectConfigurationPlatforms) = postSolution
		{296EF475-125A-4C7C-A96C-872EADC6E0ED}.Debug|Any CPU.ActiveCfg = Debug|Any CPU
		{296EF475-125A-4C7C-A96C-872EADC6E0ED}.Debug|Any CPU.Build.0 = Debug|Any CPU
		{296EF475-125A-4C7C-A96C-872EADC6E0ED}.Release|Any CPU.ActiveCfg = Release|Any CPU
		{296EF475-125A-4C7C-A96C-872EADC6E0ED}.Release|Any CPU.Build.0 = Release|Any CPU
	EndGlobalSection
	GlobalSection(SolutionProperties) = preSolution
		HideSolutionNode = FALSE
	EndGlobalSection
	GlobalSection(ExtensibilityGlobals) = postSolution
		SolutionGuid = {9A29EA1F-EBD2-4AE6-AF83-22C4F4F1517F}
	EndGlobalSection
EndGlobal
